
Microsoft Visual Studio Solution File, Format Version 12.00
# Visual Studio Version 17
VisualStudioVersion = 17.13.35828.75 d17.13
MinimumVisualStudioVersion = 10.0.40219.1
Project("{FAE04EC0-301F-11D3-BF4B-00C04F79EFBC}") = "Practica7NumFor", "Practica7NumFor.csproj", "{CCF4CECA-5FDE-4173-86C4-7E99A4DB2DA5}"
EndProject
Global
	GlobalSection(SolutionConfigurationPlatforms) = preSolution
		Debug|Any CPU = Debug|Any CPU
		Release|Any CPU = Release|Any CPU
	EndGlobalSection
	GlobalSection(ProjectConfigurationPlatforms) = postSolution
		{CCF4CECA-5FDE-4173-86C4-7E99A4DB2DA5}.Debug|Any CPU.ActiveCfg = Debug|Any CPU
		{CCF4CECA-5FDE-4173-86C4-7E99A4DB2DA5}.Debug|Any CPU.Build.0 = Debug|Any CPU
		{CCF4CECA-5FDE-4173-86C4-7E99A4DB2DA5}.Release|Any CPU.ActiveCfg = Release|Any CPU
		{CCF4CECA-5FDE-4173-86C4-7E99A4DB2DA5}.Release|Any CPU.Build.0 = Release|Any CPU
	EndGlobalSection
	GlobalSection(SolutionProperties) = preSolution
		HideSolutionNode = FALSE
	EndGlobalSection
	GlobalSection(ExtensibilityGlobals) = postSolution
		SolutionGuid = {F74A12ED-A3DD-4264-BE6C-282167DE73B0}
	EndGlobalSection
EndGlobal
