
Microsoft Visual Studio Solution File, Format Version 12.00
# Visual Studio Version 17
VisualStudioVersion = 17.13.35828.75 d17.13
MinimumVisualStudioVersion = 10.0.40219.1
Project("{FAE04EC0-301F-11D3-BF4B-00C04F79EFBC}") = "practica4", "practica4.csproj", "{B9C169B3-7E17-45B0-97AD-CDC78B77F71B}"
EndProject
Global
	GlobalSection(SolutionConfigurationPlatforms) = preSolution
		Debug|Any CPU = Debug|Any CPU
		Release|Any CPU = Release|Any CPU
	EndGlobalSection
	GlobalSection(ProjectConfigurationPlatforms) = postSolution
		{B9C169B3-7E17-45B0-97AD-CDC78B77F71B}.Debug|Any CPU.ActiveCfg = Debug|Any CPU
		{B9C169B3-7E17-45B0-97AD-CDC78B77F71B}.Debug|Any CPU.Build.0 = Debug|Any CPU
		{B9C169B3-7E17-45B0-97AD-CDC78B77F71B}.Release|Any CPU.ActiveCfg = Release|Any CPU
		{B9C169B3-7E17-45B0-97AD-CDC78B77F71B}.Release|Any CPU.Build.0 = Release|Any CPU
	EndGlobalSection
	GlobalSection(SolutionProperties) = preSolution
		HideSolutionNode = FALSE
	EndGlobalSection
	GlobalSection(ExtensibilityGlobals) = postSolution
		SolutionGuid = {DF211089-D885-40B4-990D-48DB206EB426}
	EndGlobalSection
EndGlobal
