
Microsoft Visual Studio Solution File, Format Version 12.00
# Visual Studio Version 17
VisualStudioVersion = 17.13.35828.75
MinimumVisualStudioVersion = 10.0.40219.1
Project("{FAE04EC0-301F-11D3-BF4B-00C04F79EFBC}") = "practica2", "practica2.csproj", "{5CCACB0A-DD3C-4BFE-90C3-05FFF2888ECD}"
EndProject
Global
	GlobalSection(SolutionConfigurationPlatforms) = preSolution
		Debug|Any CPU = Debug|Any CPU
		Release|Any CPU = Release|Any CPU
	EndGlobalSection
	GlobalSection(ProjectConfigurationPlatforms) = postSolution
		{5CCACB0A-DD3C-4BFE-90C3-05FFF2888ECD}.Debug|Any CPU.ActiveCfg = Debug|Any CPU
		{5CCACB0A-DD3C-4BFE-90C3-05FFF2888ECD}.Debug|Any CPU.Build.0 = Debug|Any CPU
		{5CCACB0A-DD3C-4BFE-90C3-05FFF2888ECD}.Release|Any CPU.ActiveCfg = Release|Any CPU
		{5CCACB0A-DD3C-4BFE-90C3-05FFF2888ECD}.Release|Any CPU.Build.0 = Release|Any CPU
	EndGlobalSection
	GlobalSection(SolutionProperties) = preSolution
		HideSolutionNode = FALSE
	EndGlobalSection
	GlobalSection(ExtensibilityGlobals) = postSolution
		SolutionGuid = {A519C4ED-CF92-4BCA-B8E9-819B7CFFFD43}
	EndGlobalSection
EndGlobal
