
Microsoft Visual Studio Solution File, Format Version 12.00
# Visual Studio Version 17
VisualStudioVersion = 17.13.35828.75 d17.13
MinimumVisualStudioVersion = 10.0.40219.1
Project("{FAE04EC0-301F-11D3-BF4B-00C04F79EFBC}") = "Practica5Triang", "Practica5Triang.csproj", "{F1FCA568-FA5A-47FE-A28C-DBAF1336443A}"
EndProject
Global
	GlobalSection(SolutionConfigurationPlatforms) = preSolution
		Debug|Any CPU = Debug|Any CPU
		Release|Any CPU = Release|Any CPU
	EndGlobalSection
	GlobalSection(ProjectConfigurationPlatforms) = postSolution
		{F1FCA568-FA5A-47FE-A28C-DBAF1336443A}.Debug|Any CPU.ActiveCfg = Debug|Any CPU
		{F1FCA568-FA5A-47FE-A28C-DBAF1336443A}.Debug|Any CPU.Build.0 = Debug|Any CPU
		{F1FCA568-FA5A-47FE-A28C-DBAF1336443A}.Release|Any CPU.ActiveCfg = Release|Any CPU
		{F1FCA568-FA5A-47FE-A28C-DBAF1336443A}.Release|Any CPU.Build.0 = Release|Any CPU
	EndGlobalSection
	GlobalSection(SolutionProperties) = preSolution
		HideSolutionNode = FALSE
	EndGlobalSection
	GlobalSection(ExtensibilityGlobals) = postSolution
		SolutionGuid = {A72A15C2-7A62-4130-97CC-DFAB83A84381}
	EndGlobalSection
EndGlobal
